// !$*UTF8*$!
{
	archiveVersion = 1;
	classes = {
	};
	objectVersion = 46;
	objects = {

/* Begin PBXBuildFile section */
		1A8B940E16F68C810066F608 /* UIKit.framework in Frameworks */ = {isa = PBXBuildFile; fileRef = 1A8B940D16F68C810066F608 /* UIKit.framework */; };
		1A8B941016F68C810066F608 /* Foundation.framework in Frameworks */ = {isa = PBXBuildFile; fileRef = 1A8B940F16F68C810066F608 /* Foundation.framework */; };
		1A8B941216F68C810066F608 /* CoreGraphics.framework in Frameworks */ = {isa = PBXBuildFile; fileRef = 1A8B941116F68C810066F608 /* CoreGraphics.framework */; };
		1A8B941816F68C810066F608 /* InfoPlist.strings in Resources */ = {isa = PBXBuildFile; fileRef = 1A8B941616F68C810066F608 /* InfoPlist.strings */; };
		1A8B941A16F68C810066F608 /* main.m in Sources */ = {isa = PBXBuildFile; fileRef = 1A8B941916F68C810066F608 /* main.m */; };
		1A8B941E16F68C810066F608 /* AppDelegate.m in Sources */ = {isa = PBXBuildFile; fileRef = 1A8B941D16F68C810066F608 /* AppDelegate.m */; };
		1A8B942016F68C810066F608 /* Default.png in Resources */ = {isa = PBXBuildFile; fileRef = 1A8B941F16F68C810066F608 /* Default.png */; };
		1A8B942216F68C810066F608 /* Default@2x.png in Resources */ = {isa = PBXBuildFile; fileRef = 1A8B942116F68C810066F608 /* Default@2x.png */; };
		1A8B942416F68C810066F608 /* Default-568h@2x.png in Resources */ = {isa = PBXBuildFile; fileRef = 1A8B942316F68C810066F608 /* Default-568h@2x.png */; };
		1A8B942716F68C810066F608 /* MainStoryboard.storyboard in Resources */ = {isa = PBXBuildFile; fileRef = 1A8B942516F68C810066F608 /* MainStoryboard.storyboard */; };
		1A8B942A16F68C810066F608 /* ImageViewController.m in Sources */ = {isa = PBXBuildFile; fileRef = 1A8B942916F68C810066F608 /* ImageViewController.m */; };
		1A8B943716F68CE40066F608 /* hallows.jpg in Resources */ = {isa = PBXBuildFile; fileRef = 1A8B943116F68CE40066F608 /* hallows.jpg */; };
		1A8B943816F68CE40066F608 /* goblet.jpg in Resources */ = {isa = PBXBuildFile; fileRef = 1A8B943216F68CE40066F608 /* goblet.jpg */; };
		1A8B943916F68CE40066F608 /* angels-demons.jpg in Resources */ = {isa = PBXBuildFile; fileRef = 1A8B943316F68CE40066F608 /* angels-demons.jpg */; };
		1A8B943A16F68CE40066F608 /* bilbo-song.png in Resources */ = {isa = PBXBuildFile; fileRef = 1A8B943416F68CE40066F608 /* bilbo-song.png */; };
		1A8B943B16F68CE40066F608 /* bard.jpg in Resources */ = {isa = PBXBuildFile; fileRef = 1A8B943516F68CE40066F608 /* bard.jpg */; };
		1A8B943C16F68CE40066F608 /* azkaban.jpg in Resources */ = {isa = PBXBuildFile; fileRef = 1A8B943616F68CE40066F608 /* azkaban.jpg */; };
		1A8B943F16F68D070066F608 /* BookCover.m in Sources */ = {isa = PBXBuildFile; fileRef = 1A8B943E16F68D070066F608 /* BookCover.m */; };
		1A8B944216F68E440066F608 /* BooksViewController.m in Sources */ = {isa = PBXBuildFile; fileRef = 1A8B944116F68E440066F608 /* BooksViewController.m */; };
/* End PBXBuildFile section */

/* Begin PBXFileReference section */
		1A8B940A16F68C810066F608 /* BookRater.app */ = {isa = PBXFileReference; explicitFileType = wrapper.application; includeInIndex = 0; path = BookRater.app; sourceTree = BUILT_PRODUCTS_DIR; };
		1A8B940D16F68C810066F608 /* UIKit.framework */ = {isa = PBXFileReference; lastKnownFileType = wrapper.framework; name = UIKit.framework; path = System/Library/Frameworks/UIKit.framework; sourceTree = SDKROOT; };
		1A8B940F16F68C810066F608 /* Foundation.framework */ = {isa = PBXFileReference; lastKnownFileType = wrapper.framework; name = Foundation.framework; path = System/Library/Frameworks/Foundation.framework; sourceTree = SDKROOT; };
		1A8B941116F68C810066F608 /* CoreGraphics.framework */ = {isa = PBXFileReference; lastKnownFileType = wrapper.framework; name = CoreGraphics.framework; path = System/Library/Frameworks/CoreGraphics.framework; sourceTree = SDKROOT; };
		1A8B941516F68C810066F608 /* BookRater-Info.plist */ = {isa = PBXFileReference; lastKnownFileType = text.plist.xml; path = "BookRater-Info.plist"; sourceTree = "<group>"; };
		1A8B941716F68C810066F608 /* en */ = {isa = PBXFileReference; lastKnownFileType = text.plist.strings; name = en; path = en.lproj/InfoPlist.strings; sourceTree = "<group>"; };
		1A8B941916F68C810066F608 /* main.m */ = {isa = PBXFileReference; lastKnownFileType = sourcecode.c.objc; path = main.m; sourceTree = "<group>"; };
		1A8B941B16F68C810066F608 /* BookRater-Prefix.pch */ = {isa = PBXFileReference; lastKnownFileType = sourcecode.c.h; path = "BookRater-Prefix.pch"; sourceTree = "<group>"; };
		1A8B941C16F68C810066F608 /* AppDelegate.h */ = {isa = PBXFileReference; lastKnownFileType = sourcecode.c.h; path = AppDelegate.h; sourceTree = "<group>"; };
		1A8B941D16F68C810066F608 /* AppDelegate.m */ = {isa = PBXFileReference; lastKnownFileType = sourcecode.c.objc; path = AppDelegate.m; sourceTree = "<group>"; };
		1A8B941F16F68C810066F608 /* Default.png */ = {isa = PBXFileReference; lastKnownFileType = image.png; path = Default.png; sourceTree = "<group>"; };
		1A8B942116F68C810066F608 /* Default@2x.png */ = {isa = PBXFileReference; lastKnownFileType = image.png; path = "Default@2x.png"; sourceTree = "<group>"; };
		1A8B942316F68C810066F608 /* Default-568h@2x.png */ = {isa = PBXFileReference; lastKnownFileType = image.png; path = "Default-568h@2x.png"; sourceTree = "<group>"; };
		1A8B942616F68C810066F608 /* en */ = {isa = PBXFileReference; lastKnownFileType = file.storyboard; name = en; path = en.lproj/MainStoryboard.storyboard; sourceTree = "<group>"; };
		1A8B942816F68C810066F608 /* ImageViewController.h */ = {isa = PBXFileReference; lastKnownFileType = sourcecode.c.h; path = ImageViewController.h; sourceTree = "<group>"; };
		1A8B942916F68C810066F608 /* ImageViewController.m */ = {isa = PBXFileReference; lastKnownFileType = sourcecode.c.objc; path = ImageViewController.m; sourceTree = "<group>"; };
		1A8B943116F68CE40066F608 /* hallows.jpg */ = {isa = PBXFileReference; lastKnownFileType = image.jpeg; path = hallows.jpg; sourceTree = "<group>"; };
		1A8B943216F68CE40066F608 /* goblet.jpg */ = {isa = PBXFileReference; lastKnownFileType = image.jpeg; path = goblet.jpg; sourceTree = "<group>"; };
		1A8B943316F68CE40066F608 /* angels-demons.jpg */ = {isa = PBXFileReference; lastKnownFileType = image.jpeg; path = "angels-demons.jpg"; sourceTree = "<group>"; };
		1A8B943416F68CE40066F608 /* bilbo-song.png */ = {isa = PBXFileReference; lastKnownFileType = image.png; path = "bilbo-song.png"; sourceTree = "<group>"; };
		1A8B943516F68CE40066F608 /* bard.jpg */ = {isa = PBXFileReference; lastKnownFileType = image.jpeg; path = bard.jpg; sourceTree = "<group>"; };
		1A8B943616F68CE40066F608 /* azkaban.jpg */ = {isa = PBXFileReference; lastKnownFileType = image.jpeg; path = azkaban.jpg; sourceTree = "<group>"; };
		1A8B943D16F68D070066F608 /* BookCover.h */ = {isa = PBXFileReference; fileEncoding = 4; lastKnownFileType = sourcecode.c.h; path = BookCover.h; sourceTree = "<group>"; };
		1A8B943E16F68D070066F608 /* BookCover.m */ = {isa = PBXFileReference; fileEncoding = 4; lastKnownFileType = sourcecode.c.objc; path = BookCover.m; sourceTree = "<group>"; };
		1A8B944016F68E440066F608 /* BooksViewController.h */ = {isa = PBXFileReference; fileEncoding = 4; lastKnownFileType = sourcecode.c.h; path = BooksViewController.h; sourceTree = "<group>"; };
		1A8B944116F68E440066F608 /* BooksViewController.m */ = {isa = PBXFileReference; fileEncoding = 4; lastKnownFileType = sourcecode.c.objc; path = BooksViewController.m; sourceTree = "<group>"; };
/* End PBXFileReference section */

/* Begin PBXFrameworksBuildPhase section */
		1A8B940716F68C810066F608 /* Frameworks */ = {
			isa = PBXFrameworksBuildPhase;
			buildActionMask = 2147483647;
			files = (
				1A8B940E16F68C810066F608 /* UIKit.framework in Frameworks */,
				1A8B941016F68C810066F608 /* Foundation.framework in Frameworks */,
				1A8B941216F68C810066F608 /* CoreGraphics.framework in Frameworks */,
			);
			runOnlyForDeploymentPostprocessing = 0;
		};
/* End PBXFrameworksBuildPhase section */

/* Begin PBXGroup section */
		1A8B940116F68C810066F608 = {
			isa = PBXGroup;
			children = (
				1A8B941316F68C810066F608 /* BookRater */,
				1A8B940C16F68C810066F608 /* Frameworks */,
				1A8B940B16F68C810066F608 /* Products */,
			);
			sourceTree = "<group>";
		};
		1A8B940B16F68C810066F608 /* Products */ = {
			isa = PBXGroup;
			children = (
				1A8B940A16F68C810066F608 /* BookRater.app */,
			);
			name = Products;
			sourceTree = "<group>";
		};
		1A8B940C16F68C810066F608 /* Frameworks */ = {
			isa = PBXGroup;
			children = (
				1A8B940D16F68C810066F608 /* UIKit.framework */,
				1A8B940F16F68C810066F608 /* Foundation.framework */,
				1A8B941116F68C810066F608 /* CoreGraphics.framework */,
			);
			name = Frameworks;
			sourceTree = "<group>";
		};
		1A8B941316F68C810066F608 /* BookRater */ = {
			isa = PBXGroup;
			children = (
				1A8B943016F68CD60066F608 /* images */,
				1A8B943D16F68D070066F608 /* BookCover.h */,
				1A8B943E16F68D070066F608 /* BookCover.m */,
				1A8B944016F68E440066F608 /* BooksViewController.h */,
				1A8B944116F68E440066F608 /* BooksViewController.m */,
				1A8B941C16F68C810066F608 /* AppDelegate.h */,
				1A8B941D16F68C810066F608 /* AppDelegate.m */,
				1A8B942516F68C810066F608 /* MainStoryboard.storyboard */,
				1A8B942816F68C810066F608 /* ImageViewController.h */,
				1A8B942916F68C810066F608 /* ImageViewController.m */,
				1A8B941416F68C810066F608 /* Supporting Files */,
			);
			path = BookRater;
			sourceTree = "<group>";
		};
		1A8B941416F68C810066F608 /* Supporting Files */ = {
			isa = PBXGroup;
			children = (
				1A8B941516F68C810066F608 /* BookRater-Info.plist */,
				1A8B941616F68C810066F608 /* InfoPlist.strings */,
				1A8B941916F68C810066F608 /* main.m */,
				1A8B941B16F68C810066F608 /* BookRater-Prefix.pch */,
				1A8B941F16F68C810066F608 /* Default.png */,
				1A8B942116F68C810066F608 /* Default@2x.png */,
				1A8B942316F68C810066F608 /* Default-568h@2x.png */,
			);
			name = "Supporting Files";
			sourceTree = "<group>";
		};
		1A8B943016F68CD60066F608 /* images */ = {
			isa = PBXGroup;
			children = (
				1A8B943116F68CE40066F608 /* hallows.jpg */,
				1A8B943216F68CE40066F608 /* goblet.jpg */,
				1A8B943316F68CE40066F608 /* angels-demons.jpg */,
				1A8B943416F68CE40066F608 /* bilbo-song.png */,
				1A8B943516F68CE40066F608 /* bard.jpg */,
				1A8B943616F68CE40066F608 /* azkaban.jpg */,
			);
			name = images;
			sourceTree = "<group>";
		};
/* End PBXGroup section */

/* Begin PBXNativeTarget section */
		1A8B940916F68C810066F608 /* BookRater */ = {
			isa = PBXNativeTarget;
			buildConfigurationList = 1A8B942D16F68C810066F608 /* Build configuration list for PBXNativeTarget "BookRater" */;
			buildPhases = (
				1A8B940616F68C810066F608 /* Sources */,
				1A8B940716F68C810066F608 /* Frameworks */,
				1A8B940816F68C810066F608 /* Resources */,
			);
			buildRules = (
			);
			dependencies = (
			);
			name = BookRater;
			productName = BookRater;
			productReference = 1A8B940A16F68C810066F608 /* BookRater.app */;
			productType = "com.apple.product-type.application";
		};
/* End PBXNativeTarget section */

/* Begin PBXProject section */
		1A8B940216F68C810066F608 /* Project object */ = {
			isa = PBXProject;
			attributes = {
				LastUpgradeCheck = 0460;
				ORGANIZATIONNAME = "James Cryer";
			};
			buildConfigurationList = 1A8B940516F68C810066F608 /* Build configuration list for PBXProject "BookRater" */;
			compatibilityVersion = "Xcode 3.2";
			developmentRegion = English;
			hasScannedForEncodings = 0;
			knownRegions = (
				en,
			);
			mainGroup = 1A8B940116F68C810066F608;
			productRefGroup = 1A8B940B16F68C810066F608 /* Products */;
			projectDirPath = "";
			projectRoot = "";
			targets = (
				1A8B940916F68C810066F608 /* BookRater */,
			);
		};
/* End PBXProject section */

/* Begin PBXResourcesBuildPhase section */
		1A8B940816F68C810066F608 /* Resources */ = {
			isa = PBXResourcesBuildPhase;
			buildActionMask = 2147483647;
			files = (
				1A8B941816F68C810066F608 /* InfoPlist.strings in Resources */,
				1A8B942016F68C810066F608 /* Default.png in Resources */,
				1A8B942216F68C810066F608 /* Default@2x.png in Resources */,
				1A8B942416F68C810066F608 /* Default-568h@2x.png in Resources */,
				1A8B942716F68C810066F608 /* MainStoryboard.storyboard in Resources */,
				1A8B943716F68CE40066F608 /* hallows.jpg in Resources */,
				1A8B943816F68CE40066F608 /* goblet.jpg in Resources */,
				1A8B943916F68CE40066F608 /* angels-demons.jpg in Resources */,
				1A8B943A16F68CE40066F608 /* bilbo-song.png in Resources */,
				1A8B943B16F68CE40066F608 /* bard.jpg in Resources */,
				1A8B943C16F68CE40066F608 /* azkaban.jpg in Resources */,
			);
			runOnlyForDeploymentPostprocessing = 0;
		};
/* End PBXResourcesBuildPhase section */

/* Begin PBXSourcesBuildPhase section */
		1A8B940616F68C810066F608 /* Sources */ = {
			isa = PBXSourcesBuildPhase;
			buildActionMask = 2147483647;
			files = (
				1A8B941A16F68C810066F608 /* main.m in Sources */,
				1A8B941E16F68C810066F608 /* AppDelegate.m in Sources */,
				1A8B942A16F68C810066F608 /* ImageViewController.m in Sources */,
				1A8B943F16F68D070066F608 /* BookCover.m in Sources */,
				1A8B944216F68E440066F608 /* BooksViewController.m in Sources */,
			);
			runOnlyForDeploymentPostprocessing = 0;
		};
/* End PBXSourcesBuildPhase section */

/* Begin PBXVariantGroup section */
		1A8B941616F68C810066F608 /* InfoPlist.strings */ = {
			isa = PBXVariantGroup;
			children = (
				1A8B941716F68C810066F608 /* en */,
			);
			name = InfoPlist.strings;
			sourceTree = "<group>";
		};
		1A8B942516F68C810066F608 /* MainStoryboard.storyboard */ = {
			isa = PBXVariantGroup;
			children = (
				1A8B942616F68C810066F608 /* en */,
			);
			name = MainStoryboard.storyboard;
			sourceTree = "<group>";
		};
/* End PBXVariantGroup section */

/* Begin XCBuildConfiguration section */
		1A8B942B16F68C810066F608 /* Debug */ = {
			isa = XCBuildConfiguration;
			buildSettings = {
				ALWAYS_SEARCH_USER_PATHS = NO;
				CLANG_CXX_LANGUAGE_STANDARD = "gnu++0x";
				CLANG_CXX_LIBRARY = "libc++";
				CLANG_ENABLE_OBJC_ARC = YES;
				CLANG_WARN_CONSTANT_CONVERSION = YES;
				CLANG_WARN_EMPTY_BODY = YES;
				CLANG_WARN_ENUM_CONVERSION = YES;
				CLANG_WARN_INT_CONVERSION = YES;
				CLANG_WARN__DUPLICATE_METHOD_MATCH = YES;
				"CODE_SIGN_IDENTITY[sdk=iphoneos*]" = "iPhone Developer";
				COPY_PHASE_STRIP = NO;
				GCC_C_LANGUAGE_STANDARD = gnu99;
				GCC_DYNAMIC_NO_PIC = NO;
				GCC_OPTIMIZATION_LEVEL = 0;
				GCC_PREPROCESSOR_DEFINITIONS = (
					"DEBUG=1",
					"$(inherited)",
				);
				GCC_SYMBOLS_PRIVATE_EXTERN = NO;
				GCC_WARN_ABOUT_RETURN_TYPE = YES;
				GCC_WARN_UNINITIALIZED_AUTOS = YES;
				GCC_WARN_UNUSED_VARIABLE = YES;
				IPHONEOS_DEPLOYMENT_TARGET = 6.1;
				ONLY_ACTIVE_ARCH = YES;
				SDKROOT = iphoneos;
			};
			name = Debug;
		};
		1A8B942C16F68C810066F608 /* Release */ = {
			isa = XCBuildConfiguration;
			buildSettings = {
				ALWAYS_SEARCH_USER_PATHS = NO;
				CLANG_CXX_LANGUAGE_STANDARD = "gnu++0x";
				CLANG_CXX_LIBRARY = "libc++";
				CLANG_ENABLE_OBJC_ARC = YES;
				CLANG_WARN_CONSTANT_CONVERSION = YES;
				CLANG_WARN_EMPTY_BODY = YES;
				CLANG_WARN_ENUM_CONVERSION = YES;
				CLANG_WARN_INT_CONVERSION = YES;
				CLANG_WARN__DUPLICATE_METHOD_MATCH = YES;
				"CODE_SIGN_IDENTITY[sdk=iphoneos*]" = "iPhone Developer";
				COPY_PHASE_STRIP = YES;
				GCC_C_LANGUAGE_STANDARD = gnu99;
				GCC_WARN_ABOUT_RETURN_TYPE = YES;
				GCC_WARN_UNINITIALIZED_AUTOS = YES;
				GCC_WARN_UNUSED_VARIABLE = YES;
				IPHONEOS_DEPLOYMENT_TARGET = 6.1;
				OTHER_CFLAGS = "-DNS_BLOCK_ASSERTIONS=1";
				SDKROOT = iphoneos;
				VALIDATE_PRODUCT = YES;
			};
			name = Release;
		};
		1A8B942E16F68C810066F608 /* Debug */ = {
			isa = XCBuildConfiguration;
			buildSettings = {
				GCC_PRECOMPILE_PREFIX_HEADER = YES;
				GCC_PREFIX_HEADER = "BookRater/BookRater-Prefix.pch";
				INFOPLIST_FILE = "BookRater/BookRater-Info.plist";
				PRODUCT_NAME = "$(TARGET_NAME)";
				WRAPPER_EXTENSION = app;
			};
			name = Debug;
		};
		1A8B942F16F68C810066F608 /* Release */ = {
			isa = XCBuildConfiguration;
			buildSettings = {
				GCC_PRECOMPILE_PREFIX_HEADER = YES;
				GCC_PREFIX_HEADER = "BookRater/BookRater-Prefix.pch";
				INFOPLIST_FILE = "BookRater/BookRater-Info.plist";
				PRODUCT_NAME = "$(TARGET_NAME)";
				WRAPPER_EXTENSION = app;
			};
			name = Release;
		};
/* End XCBuildConfiguration section */

/* Begin XCConfigurationList section */
		1A8B940516F68C810066F608 /* Build configuration list for PBXProject "BookRater" */ = {
			isa = XCConfigurationList;
			buildConfigurations = (
				1A8B942B16F68C810066F608 /* Debug */,
				1A8B942C16F68C810066F608 /* Release */,
			);
			defaultConfigurationIsVisible = 0;
			defaultConfigurationName = Release;
		};
		1A8B942D16F68C810066F608 /* Build configuration list for PBXNativeTarget "BookRater" */ = {
			isa = XCConfigurationList;
			buildConfigurations = (
				1A8B942E16F68C810066F608 /* Debug */,
				1A8B942F16F68C810066F608 /* Release */,
			);
			defaultConfigurationIsVisible = 0;
		};
/* End XCConfigurationList section */
	};
	rootObject = 1A8B940216F68C810066F608 /* Project object */;
}
